// !$*UTF8*$!
{
	archiveVersion = 1;
	classes = {
	};
	objectVersion = 56;
	objects = {

/* Begin PBXBuildFile section */
		7A09F6B829A8018700B4A582 /* Category.swift in Sources */ = {isa = PBXBuildFile; fileRef = 7A09F6B729A8018700B4A582 /* Category.swift */; };
		7A09F6BB29A8031400B4A582 /* CategoryCard.swift in Sources */ = {isa = PBXBuildFile; fileRef = 7A09F6BA29A8031400B4A582 /* CategoryCard.swift */; };
		7A09F6BD29A8088900B4A582 /* Poppins-Light.ttf in Resources */ = {isa = PBXBuildFile; fileRef = 7A09F6BC29A8088900B4A582 /* Poppins-Light.ttf */; };
		7A09F6BF29A80ADA00B4A582 /* Poppins-Regular.ttf in Resources */ = {isa = PBXBuildFile; fileRef = 7A09F6BE29A80ADA00B4A582 /* Poppins-Regular.ttf */; };
		7A09F6C129A80E0700B4A582 /* TrendingItemCard.swift in Sources */ = {isa = PBXBuildFile; fileRef = 7A09F6C029A80E0700B4A582 /* TrendingItemCard.swift */; };
		7A09F6C329A813EE00B4A582 /* TrendingItem.swift in Sources */ = {isa = PBXBuildFile; fileRef = 7A09F6C229A813EE00B4A582 /* TrendingItem.swift */; };
		7A09F6C529A837D700B4A582 /* Product.swift in Sources */ = {isa = PBXBuildFile; fileRef = 7A09F6C429A837D700B4A582 /* Product.swift */; };
		7A09F6C729A83BB800B4A582 /* ProductCard.swift in Sources */ = {isa = PBXBuildFile; fileRef = 7A09F6C629A83BB800B4A582 /* ProductCard.swift */; };
		7A09F6CA29A84A1700B4A582 /* Extensions.swift in Sources */ = {isa = PBXBuildFile; fileRef = 7A09F6C929A84A1700B4A582 /* Extensions.swift */; };
		7A09F6CC29A9189D00B4A582 /* ProductsView.swift in Sources */ = {isa = PBXBuildFile; fileRef = 7A09F6CB29A9189D00B4A582 /* ProductsView.swift */; };
		7A4476CD29B92D06006BFDF6 /* BagViewModel.swift in Sources */ = {isa = PBXBuildFile; fileRef = 7A4476CC29B92D06006BFDF6 /* BagViewModel.swift */; };
		7A4476CF29B93B5E006BFDF6 /* ProductDetailsCard.swift in Sources */ = {isa = PBXBuildFile; fileRef = 7A4476CE29B93B5E006BFDF6 /* ProductDetailsCard.swift */; };
		7AB4989B29AD519F002D9414 /* MainView.swift in Sources */ = {isa = PBXBuildFile; fileRef = 7AB4989A29AD519F002D9414 /* MainView.swift */; };
		7AB4989D29AD525E002D9414 /* WishListView.swift in Sources */ = {isa = PBXBuildFile; fileRef = 7AB4989C29AD525E002D9414 /* WishListView.swift */; };
		7AB4989F29AD540C002D9414 /* ProfileView.swift in Sources */ = {isa = PBXBuildFile; fileRef = 7AB4989E29AD540C002D9414 /* ProfileView.swift */; };
		7AB498A129AD64B9002D9414 /* ProductDetailsView.swift in Sources */ = {isa = PBXBuildFile; fileRef = 7AB498A029AD64B9002D9414 /* ProductDetailsView.swift */; };
		7AB498A729AE6052002D9414 /* BackButton.swift in Sources */ = {isa = PBXBuildFile; fileRef = 7AB498A629AE6052002D9414 /* BackButton.swift */; };
		7AB498A929AE67E4002D9414 /* HeartButton.swift in Sources */ = {isa = PBXBuildFile; fileRef = 7AB498A829AE67E4002D9414 /* HeartButton.swift */; };
		7AB498AB29B6A238002D9414 /* BagButton.swift in Sources */ = {isa = PBXBuildFile; fileRef = 7AB498AA29B6A238002D9414 /* BagButton.swift */; };
		7AB498AD29B6A7F8002D9414 /* BagView.swift in Sources */ = {isa = PBXBuildFile; fileRef = 7AB498AC29B6A7F8002D9414 /* BagView.swift */; };
		7ABF1D2C29A19A41001EC71C /* AritziaAppApp.swift in Sources */ = {isa = PBXBuildFile; fileRef = 7ABF1D2B29A19A41001EC71C /* AritziaAppApp.swift */; };
		7ABF1D2E29A19A41001EC71C /* ContentView.swift in Sources */ = {isa = PBXBuildFile; fileRef = 7ABF1D2D29A19A41001EC71C /* ContentView.swift */; };
		7ABF1D3029A19A43001EC71C /* Assets.xcassets in Resources */ = {isa = PBXBuildFile; fileRef = 7ABF1D2F29A19A43001EC71C /* Assets.xcassets */; };
		7ABF1D3329A19A43001EC71C /* Preview Assets.xcassets in Resources */ = {isa = PBXBuildFile; fileRef = 7ABF1D3229A19A43001EC71C /* Preview Assets.xcassets */; };
		7ABF1D3B29A1E39E001EC71C /* HomeView.swift in Sources */ = {isa = PBXBuildFile; fileRef = 7ABF1D3A29A1E39E001EC71C /* HomeView.swift */; };
		7ABF1D3E29A1EC8A001EC71C /* rische-demo.otf in Resources */ = {isa = PBXBuildFile; fileRef = 7ABF1D3D29A1EC89001EC71C /* rische-demo.otf */; };
		7ABF1D4429A1F5F1001EC71C /* Poppins-SemiBold.ttf in Resources */ = {isa = PBXBuildFile; fileRef = 7ABF1D4329A1F5F1001EC71C /* Poppins-SemiBold.ttf */; };
/* End PBXBuildFile section */

/* Begin PBXFileReference section */
		7A09F6B729A8018700B4A582 /* Category.swift */ = {isa = PBXFileReference; lastKnownFileType = sourcecode.swift; path = Category.swift; sourceTree = "<group>"; };
		7A09F6BA29A8031400B4A582 /* CategoryCard.swift */ = {isa = PBXFileReference; lastKnownFileType = sourcecode.swift; path = CategoryCard.swift; sourceTree = "<group>"; };
		7A09F6BC29A8088900B4A582 /* Poppins-Light.ttf */ = {isa = PBXFileReference; lastKnownFileType = file; path = "Poppins-Light.ttf"; sourceTree = "<group>"; };
		7A09F6BE29A80ADA00B4A582 /* Poppins-Regular.ttf */ = {isa = PBXFileReference; lastKnownFileType = file; path = "Poppins-Regular.ttf"; sourceTree = "<group>"; };
		7A09F6C029A80E0700B4A582 /* TrendingItemCard.swift */ = {isa = PBXFileReference; lastKnownFileType = sourcecode.swift; path = TrendingItemCard.swift; sourceTree = "<group>"; };
		7A09F6C229A813EE00B4A582 /* TrendingItem.swift */ = {isa = PBXFileReference; lastKnownFileType = sourcecode.swift; path = TrendingItem.swift; sourceTree = "<group>"; };
		7A09F6C429A837D700B4A582 /* Product.swift */ = {isa = PBXFileReference; lastKnownFileType = sourcecode.swift; path = Product.swift; sourceTree = "<group>"; };
		7A09F6C629A83BB800B4A582 /* ProductCard.swift */ = {isa = PBXFileReference; lastKnownFileType = sourcecode.swift; path = ProductCard.swift; sourceTree = "<group>"; };
		7A09F6C929A84A1700B4A582 /* Extensions.swift */ = {isa = PBXFileReference; lastKnownFileType = sourcecode.swift; path = Extensions.swift; sourceTree = "<group>"; };
		7A09F6CB29A9189D00B4A582 /* ProductsView.swift */ = {isa = PBXFileReference; lastKnownFileType = sourcecode.swift; path = ProductsView.swift; sourceTree = "<group>"; };
		7A4476CC29B92D06006BFDF6 /* BagViewModel.swift */ = {isa = PBXFileReference; lastKnownFileType = sourcecode.swift; path = BagViewModel.swift; sourceTree = "<group>"; };
		7A4476CE29B93B5E006BFDF6 /* ProductDetailsCard.swift */ = {isa = PBXFileReference; lastKnownFileType = sourcecode.swift; path = ProductDetailsCard.swift; sourceTree = "<group>"; };
		7AB4989A29AD519F002D9414 /* MainView.swift */ = {isa = PBXFileReference; lastKnownFileType = sourcecode.swift; path = MainView.swift; sourceTree = "<group>"; };
		7AB4989C29AD525E002D9414 /* WishListView.swift */ = {isa = PBXFileReference; lastKnownFileType = sourcecode.swift; path = WishListView.swift; sourceTree = "<group>"; };
		7AB4989E29AD540C002D9414 /* ProfileView.swift */ = {isa = PBXFileReference; lastKnownFileType = sourcecode.swift; path = ProfileView.swift; sourceTree = "<group>"; };
		7AB498A029AD64B9002D9414 /* ProductDetailsView.swift */ = {isa = PBXFileReference; lastKnownFileType = sourcecode.swift; path = ProductDetailsView.swift; sourceTree = "<group>"; };
		7AB498A629AE6052002D9414 /* BackButton.swift */ = {isa = PBXFileReference; lastKnownFileType = sourcecode.swift; path = BackButton.swift; sourceTree = "<group>"; };
		7AB498A829AE67E4002D9414 /* HeartButton.swift */ = {isa = PBXFileReference; lastKnownFileType = sourcecode.swift; path = HeartButton.swift; sourceTree = "<group>"; };
		7AB498AA29B6A238002D9414 /* BagButton.swift */ = {isa = PBXFileReference; lastKnownFileType = sourcecode.swift; path = BagButton.swift; sourceTree = "<group>"; };
		7AB498AC29B6A7F8002D9414 /* BagView.swift */ = {isa = PBXFileReference; lastKnownFileType = sourcecode.swift; path = BagView.swift; sourceTree = "<group>"; };
		7ABF1D2829A19A41001EC71C /* AritziaApp.app */ = {isa = PBXFileReference; explicitFileType = wrapper.application; includeInIndex = 0; path = AritziaApp.app; sourceTree = BUILT_PRODUCTS_DIR; };
		7ABF1D2B29A19A41001EC71C /* AritziaAppApp.swift */ = {isa = PBXFileReference; lastKnownFileType = sourcecode.swift; path = AritziaAppApp.swift; sourceTree = "<group>"; };
		7ABF1D2D29A19A41001EC71C /* ContentView.swift */ = {isa = PBXFileReference; lastKnownFileType = sourcecode.swift; path = ContentView.swift; sourceTree = "<group>"; };
		7ABF1D2F29A19A43001EC71C /* Assets.xcassets */ = {isa = PBXFileReference; lastKnownFileType = folder.assetcatalog; path = Assets.xcassets; sourceTree = "<group>"; };
		7ABF1D3229A19A43001EC71C /* Preview Assets.xcassets */ = {isa = PBXFileReference; lastKnownFileType = folder.assetcatalog; path = "Preview Assets.xcassets"; sourceTree = "<group>"; };
		7ABF1D3A29A1E39E001EC71C /* HomeView.swift */ = {isa = PBXFileReference; lastKnownFileType = sourcecode.swift; path = HomeView.swift; sourceTree = "<group>"; };
		7ABF1D3D29A1EC89001EC71C /* rische-demo.otf */ = {isa = PBXFileReference; lastKnownFileType = file; path = "rische-demo.otf"; sourceTree = "<group>"; };
		7ABF1D3F29A1EE93001EC71C /* Info.plist */ = {isa = PBXFileReference; lastKnownFileType = text.plist; path = Info.plist; sourceTree = "<group>"; };
		7ABF1D4329A1F5F1001EC71C /* Poppins-SemiBold.ttf */ = {isa = PBXFileReference; lastKnownFileType = file; path = "Poppins-SemiBold.ttf"; sourceTree = "<group>"; };
/* End PBXFileReference section */

/* Begin PBXFrameworksBuildPhase section */
		7ABF1D2529A19A41001EC71C /* Frameworks */ = {
			isa = PBXFrameworksBuildPhase;
			buildActionMask = 2147483647;
			files = (
			);
			runOnlyForDeploymentPostprocessing = 0;
		};
/* End PBXFrameworksBuildPhase section */

/* Begin PBXGroup section */
		7A09F6B629A8013800B4A582 /* Models */ = {
			isa = PBXGroup;
			children = (
				7A09F6B729A8018700B4A582 /* Category.swift */,
				7A09F6C229A813EE00B4A582 /* TrendingItem.swift */,
				7A09F6C429A837D700B4A582 /* Product.swift */,
			);
			path = Models;
			sourceTree = "<group>";
		};
		7A09F6B929A802FB00B4A582 /* Components */ = {
			isa = PBXGroup;
			children = (
				7A09F6BA29A8031400B4A582 /* CategoryCard.swift */,
				7A09F6C029A80E0700B4A582 /* TrendingItemCard.swift */,
				7A09F6C629A83BB800B4A582 /* ProductCard.swift */,
				7AB498A629AE6052002D9414 /* BackButton.swift */,
				7AB498A829AE67E4002D9414 /* HeartButton.swift */,
				7AB498AA29B6A238002D9414 /* BagButton.swift */,
				7A4476CE29B93B5E006BFDF6 /* ProductDetailsCard.swift */,
			);
			path = Components;
			sourceTree = "<group>";
		};
		7A4476CB29B92CBB006BFDF6 /* ViewModels */ = {
			isa = PBXGroup;
			children = (
				7A4476CC29B92D06006BFDF6 /* BagViewModel.swift */,
			);
			path = ViewModels;
			sourceTree = "<group>";
		};
		7ABF1D1F29A19A41001EC71C = {
			isa = PBXGroup;
			children = (
				7ABF1D2A29A19A41001EC71C /* AritziaApp */,
				7ABF1D2929A19A41001EC71C /* Products */,
			);
			sourceTree = "<group>";
		};
		7ABF1D2929A19A41001EC71C /* Products */ = {
			isa = PBXGroup;
			children = (
				7ABF1D2829A19A41001EC71C /* AritziaApp.app */,
			);
			name = Products;
			sourceTree = "<group>";
		};
		7ABF1D2A29A19A41001EC71C /* AritziaApp */ = {
			isa = PBXGroup;
			children = (
				7A09F6B629A8013800B4A582 /* Models */,
				7A4476CB29B92CBB006BFDF6 /* ViewModels */,
				7ABF1D3929A1E384001EC71C /* Views */,
				7A09F6B929A802FB00B4A582 /* Components */,
				7ABF1D3C29A1EB34001EC71C /* Fonts */,
				7ABF1D2D29A19A41001EC71C /* ContentView.swift */,
				7ABF1D2B29A19A41001EC71C /* AritziaAppApp.swift */,
				7A09F6C929A84A1700B4A582 /* Extensions.swift */,
				7ABF1D2F29A19A43001EC71C /* Assets.xcassets */,
				7ABF1D3F29A1EE93001EC71C /* Info.plist */,
				7ABF1D3129A19A43001EC71C /* Preview Content */,
			);
			path = AritziaApp;
			sourceTree = "<group>";
		};
		7ABF1D3129A19A43001EC71C /* Preview Content */ = {
			isa = PBXGroup;
			children = (
				7ABF1D3229A19A43001EC71C /* Preview Assets.xcassets */,
			);
			path = "Preview Content";
			sourceTree = "<group>";
		};
		7ABF1D3929A1E384001EC71C /* Views */ = {
			isa = PBXGroup;
			children = (
				7AB4989A29AD519F002D9414 /* MainView.swift */,
				7ABF1D3A29A1E39E001EC71C /* HomeView.swift */,
				7A09F6CB29A9189D00B4A582 /* ProductsView.swift */,
				7AB498A029AD64B9002D9414 /* ProductDetailsView.swift */,
				7AB498AC29B6A7F8002D9414 /* BagView.swift */,
				7AB4989C29AD525E002D9414 /* WishListView.swift */,
				7AB4989E29AD540C002D9414 /* ProfileView.swift */,
			);
			path = Views;
			sourceTree = "<group>";
		};
		7ABF1D3C29A1EB34001EC71C /* Fonts */ = {
			isa = PBXGroup;
			children = (
				7ABF1D3D29A1EC89001EC71C /* rische-demo.otf */,
				7A09F6BC29A8088900B4A582 /* Poppins-Light.ttf */,
				7A09F6BE29A80ADA00B4A582 /* Poppins-Regular.ttf */,
				7ABF1D4329A1F5F1001EC71C /* Poppins-SemiBold.ttf */,
			);
			path = Fonts;
			sourceTree = "<group>";
		};
/* End PBXGroup section */

/* Begin PBXNativeTarget section */
		7ABF1D2729A19A41001EC71C /* AritziaApp */ = {
			isa = PBXNativeTarget;
			buildConfigurationList = 7ABF1D3629A19A43001EC71C /* Build configuration list for PBXNativeTarget "AritziaApp" */;
			buildPhases = (
				7ABF1D2429A19A41001EC71C /* Sources */,
				7ABF1D2529A19A41001EC71C /* Frameworks */,
				7ABF1D2629A19A41001EC71C /* Resources */,
			);
			buildRules = (
			);
			dependencies = (
			);
			name = AritziaApp;
			productName = AritziaApp;
			productReference = 7ABF1D2829A19A41001EC71C /* AritziaApp.app */;
			productType = "com.apple.product-type.application";
		};
/* End PBXNativeTarget section */

/* Begin PBXProject section */
		7ABF1D2029A19A41001EC71C /* Project object */ = {
			isa = PBXProject;
			attributes = {
				BuildIndependentTargetsInParallel = 1;
				LastSwiftUpdateCheck = 1420;
				LastUpgradeCheck = 1420;
				TargetAttributes = {
					7ABF1D2729A19A41001EC71C = {
						CreatedOnToolsVersion = 14.2;
					};
				};
			};
			buildConfigurationList = 7ABF1D2329A19A41001EC71C /* Build configuration list for PBXProject "AritziaApp" */;
			compatibilityVersion = "Xcode 14.0";
			developmentRegion = en;
			hasScannedForEncodings = 0;
			knownRegions = (
				en,
				Base,
			);
			mainGroup = 7ABF1D1F29A19A41001EC71C;
			productRefGroup = 7ABF1D2929A19A41001EC71C /* Products */;
			projectDirPath = "";
			projectRoot = "";
			targets = (
				7ABF1D2729A19A41001EC71C /* AritziaApp */,
			);
		};
/* End PBXProject section */

/* Begin PBXResourcesBuildPhase section */
		7ABF1D2629A19A41001EC71C /* Resources */ = {
			isa = PBXResourcesBuildPhase;
			buildActionMask = 2147483647;
			files = (
				7ABF1D3329A19A43001EC71C /* Preview Assets.xcassets in Resources */,
				7A09F6BD29A8088900B4A582 /* Poppins-Light.ttf in Resources */,
				7ABF1D4429A1F5F1001EC71C /* Poppins-SemiBold.ttf in Resources */,
				7A09F6BF29A80ADA00B4A582 /* Poppins-Regular.ttf in Resources */,
				7ABF1D3029A19A43001EC71C /* Assets.xcassets in Resources */,
				7ABF1D3E29A1EC8A001EC71C /* rische-demo.otf in Resources */,
			);
			runOnlyForDeploymentPostprocessing = 0;
		};
/* End PBXResourcesBuildPhase section */

/* Begin PBXSourcesBuildPhase section */
		7ABF1D2429A19A41001EC71C /* Sources */ = {
			isa = PBXSourcesBuildPhase;
			buildActionMask = 2147483647;
			files = (
				7A09F6C129A80E0700B4A582 /* TrendingItemCard.swift in Sources */,
				7AB498A929AE67E4002D9414 /* HeartButton.swift in Sources */,
				7AB4989B29AD519F002D9414 /* MainView.swift in Sources */,
				7AB498A129AD64B9002D9414 /* ProductDetailsView.swift in Sources */,
				7AB498AB29B6A238002D9414 /* BagButton.swift in Sources */,
				7A4476CF29B93B5E006BFDF6 /* ProductDetailsCard.swift in Sources */,
				7AB498AD29B6A7F8002D9414 /* BagView.swift in Sources */,
				7A09F6C529A837D700B4A582 /* Product.swift in Sources */,
				7A4476CD29B92D06006BFDF6 /* BagViewModel.swift in Sources */,
				7ABF1D2E29A19A41001EC71C /* ContentView.swift in Sources */,
				7A09F6C329A813EE00B4A582 /* TrendingItem.swift in Sources */,
				7A09F6BB29A8031400B4A582 /* CategoryCard.swift in Sources */,
				7AB4989D29AD525E002D9414 /* WishListView.swift in Sources */,
				7AB498A729AE6052002D9414 /* BackButton.swift in Sources */,
				7A09F6CA29A84A1700B4A582 /* Extensions.swift in Sources */,
				7A09F6C729A83BB800B4A582 /* ProductCard.swift in Sources */,
				7ABF1D2C29A19A41001EC71C /* AritziaAppApp.swift in Sources */,
				7ABF1D3B29A1E39E001EC71C /* HomeView.swift in Sources */,
				7A09F6B829A8018700B4A582 /* Category.swift in Sources */,
				7AB4989F29AD540C002D9414 /* ProfileView.swift in Sources */,
				7A09F6CC29A9189D00B4A582 /* ProductsView.swift in Sources */,
			);
			runOnlyForDeploymentPostprocessing = 0;
		};
/* End PBXSourcesBuildPhase section */

/* Begin XCBuildConfiguration section */
		7ABF1D3429A19A43001EC71C /* Debug */ = {
			isa = XCBuildConfiguration;
			buildSettings = {
				ALWAYS_SEARCH_USER_PATHS = NO;
				CLANG_ANALYZER_NONNULL = YES;
				CLANG_ANALYZER_NUMBER_OBJECT_CONVERSION = YES_AGGRESSIVE;
				CLANG_CXX_LANGUAGE_STANDARD = "gnu++20";
				CLANG_ENABLE_MODULES = YES;
				CLANG_ENABLE_OBJC_ARC = YES;
				CLANG_ENABLE_OBJC_WEAK = YES;
				CLANG_WARN_BLOCK_CAPTURE_AUTORELEASING = YES;
				CLANG_WARN_BOOL_CONVERSION = YES;
				CLANG_WARN_COMMA = YES;
				CLANG_WARN_CONSTANT_CONVERSION = YES;
				CLANG_WARN_DEPRECATED_OBJC_IMPLEMENTATIONS = YES;
				CLANG_WARN_DIRECT_OBJC_ISA_USAGE = YES_ERROR;
				CLANG_WARN_DOCUMENTATION_COMMENTS = YES;
				CLANG_WARN_EMPTY_BODY = YES;
				CLANG_WARN_ENUM_CONVERSION = YES;
				CLANG_WARN_INFINITE_RECURSION = YES;
				CLANG_WARN_INT_CONVERSION = YES;
				CLANG_WARN_NON_LITERAL_NULL_CONVERSION = YES;
				CLANG_WARN_OBJC_IMPLICIT_RETAIN_SELF = YES;
				CLANG_WARN_OBJC_LITERAL_CONVERSION = YES;
				CLANG_WARN_OBJC_ROOT_CLASS = YES_ERROR;
				CLANG_WARN_QUOTED_INCLUDE_IN_FRAMEWORK_HEADER = YES;
				CLANG_WARN_RANGE_LOOP_ANALYSIS = YES;
				CLANG_WARN_STRICT_PROTOTYPES = YES;
				CLANG_WARN_SUSPICIOUS_MOVE = YES;
				CLANG_WARN_UNGUARDED_AVAILABILITY = YES_AGGRESSIVE;
				CLANG_WARN_UNREACHABLE_CODE = YES;
				CLANG_WARN__DUPLICATE_METHOD_MATCH = YES;
				COPY_PHASE_STRIP = NO;
				DEBUG_INFORMATION_FORMAT = dwarf;
				ENABLE_STRICT_OBJC_MSGSEND = YES;
				ENABLE_TESTABILITY = YES;
				GCC_C_LANGUAGE_STANDARD = gnu11;
				GCC_DYNAMIC_NO_PIC = NO;
				GCC_NO_COMMON_BLOCKS = YES;
				GCC_OPTIMIZATION_LEVEL = 0;
				GCC_PREPROCESSOR_DEFINITIONS = (
					"DEBUG=1",
					"$(inherited)",
				);
				GCC_WARN_64_TO_32_BIT_CONVERSION = YES;
				GCC_WARN_ABOUT_RETURN_TYPE = YES_ERROR;
				GCC_WARN_UNDECLARED_SELECTOR = YES;
				GCC_WARN_UNINITIALIZED_AUTOS = YES_AGGRESSIVE;
				GCC_WARN_UNUSED_FUNCTION = YES;
				GCC_WARN_UNUSED_VARIABLE = YES;
				IPHONEOS_DEPLOYMENT_TARGET = 16.2;
				MTL_ENABLE_DEBUG_INFO = INCLUDE_SOURCE;
				MTL_FAST_MATH = YES;
				ONLY_ACTIVE_ARCH = YES;
				SDKROOT = iphoneos;
				SWIFT_ACTIVE_COMPILATION_CONDITIONS = DEBUG;
				SWIFT_OPTIMIZATION_LEVEL = "-Onone";
			};
			name = Debug;
		};
		7ABF1D3529A19A43001EC71C /* Release */ = {
			isa = XCBuildConfiguration;
			buildSettings = {
				ALWAYS_SEARCH_USER_PATHS = NO;
				CLANG_ANALYZER_NONNULL = YES;
				CLANG_ANALYZER_NUMBER_OBJECT_CONVERSION = YES_AGGRESSIVE;
				CLANG_CXX_LANGUAGE_STANDARD = "gnu++20";
				CLANG_ENABLE_MODULES = YES;
				CLANG_ENABLE_OBJC_ARC = YES;
				CLANG_ENABLE_OBJC_WEAK = YES;
				CLANG_WARN_BLOCK_CAPTURE_AUTORELEASING = YES;
				CLANG_WARN_BOOL_CONVERSION = YES;
				CLANG_WARN_COMMA = YES;
				CLANG_WARN_CONSTANT_CONVERSION = YES;
				CLANG_WARN_DEPRECATED_OBJC_IMPLEMENTATIONS = YES;
				CLANG_WARN_DIRECT_OBJC_ISA_USAGE = YES_ERROR;
				CLANG_WARN_DOCUMENTATION_COMMENTS = YES;
				CLANG_WARN_EMPTY_BODY = YES;
				CLANG_WARN_ENUM_CONVERSION = YES;
				CLANG_WARN_INFINITE_RECURSION = YES;
				CLANG_WARN_INT_CONVERSION = YES;
				CLANG_WARN_NON_LITERAL_NULL_CONVERSION = YES;
				CLANG_WARN_OBJC_IMPLICIT_RETAIN_SELF = YES;
				CLANG_WARN_OBJC_LITERAL_CONVERSION = YES;
				CLANG_WARN_OBJC_ROOT_CLASS = YES_ERROR;
				CLANG_WARN_QUOTED_INCLUDE_IN_FRAMEWORK_HEADER = YES;
				CLANG_WARN_RANGE_LOOP_ANALYSIS = YES;
				CLANG_WARN_STRICT_PROTOTYPES = YES;
				CLANG_WARN_SUSPICIOUS_MOVE = YES;
				CLANG_WARN_UNGUARDED_AVAILABILITY = YES_AGGRESSIVE;
				CLANG_WARN_UNREACHABLE_CODE = YES;
				CLANG_WARN__DUPLICATE_METHOD_MATCH = YES;
				COPY_PHASE_STRIP = NO;
				DEBUG_INFORMATION_FORMAT = "dwarf-with-dsym";
				ENABLE_NS_ASSERTIONS = NO;
				ENABLE_STRICT_OBJC_MSGSEND = YES;
				GCC_C_LANGUAGE_STANDARD = gnu11;
				GCC_NO_COMMON_BLOCKS = YES;
				GCC_WARN_64_TO_32_BIT_CONVERSION = YES;
				GCC_WARN_ABOUT_RETURN_TYPE = YES_ERROR;
				GCC_WARN_UNDECLARED_SELECTOR = YES;
				GCC_WARN_UNINITIALIZED_AUTOS = YES_AGGRESSIVE;
				GCC_WARN_UNUSED_FUNCTION = YES;
				GCC_WARN_UNUSED_VARIABLE = YES;
				IPHONEOS_DEPLOYMENT_TARGET = 16.2;
				MTL_ENABLE_DEBUG_INFO = NO;
				MTL_FAST_MATH = YES;
				SDKROOT = iphoneos;
				SWIFT_COMPILATION_MODE = wholemodule;
				SWIFT_OPTIMIZATION_LEVEL = "-O";
				VALIDATE_PRODUCT = YES;
			};
			name = Release;
		};
		7ABF1D3729A19A43001EC71C /* Debug */ = {
			isa = XCBuildConfiguration;
			buildSettings = {
				ASSETCATALOG_COMPILER_APPICON_NAME = AppIcon;
				ASSETCATALOG_COMPILER_GLOBAL_ACCENT_COLOR_NAME = AccentColor;
				CODE_SIGN_STYLE = Automatic;
				CURRENT_PROJECT_VERSION = 1;
				DEVELOPMENT_ASSET_PATHS = "\"AritziaApp/Preview Content\"";
				DEVELOPMENT_TEAM = 63X4J5Y239;
				ENABLE_PREVIEWS = YES;
				GENERATE_INFOPLIST_FILE = YES;
				INFOPLIST_FILE = AritziaApp/Info.plist;
				INFOPLIST_KEY_UIApplicationSceneManifest_Generation = YES;
				INFOPLIST_KEY_UIApplicationSupportsIndirectInputEvents = YES;
				INFOPLIST_KEY_UILaunchScreen_Generation = YES;
				INFOPLIST_KEY_UISupportedInterfaceOrientations_iPad = "UIInterfaceOrientationPortrait UIInterfaceOrientationPortraitUpsideDown UIInterfaceOrientationLandscapeLeft UIInterfaceOrientationLandscapeRight";
				INFOPLIST_KEY_UISupportedInterfaceOrientations_iPhone = "UIInterfaceOrientationPortrait UIInterfaceOrientationLandscapeLeft UIInterfaceOrientationLandscapeRight";
				LD_RUNPATH_SEARCH_PATHS = (
					"$(inherited)",
					"@executable_path/Frameworks",
				);
				MARKETING_VERSION = 1.0;
				PRODUCT_BUNDLE_IDENTIFIER = com.shelleychen.AritziaApp;
				PRODUCT_NAME = "$(TARGET_NAME)";
				SWIFT_EMIT_LOC_STRINGS = YES;
				SWIFT_VERSION = 5.0;
				TARGETED_DEVICE_FAMILY = "1,2";
			};
			name = Debug;
		};
		7ABF1D3829A19A43001EC71C /* Release */ = {
			isa = XCBuildConfiguration;
			buildSettings = {
				ASSETCATALOG_COMPILER_APPICON_NAME = AppIcon;
				ASSETCATALOG_COMPILER_GLOBAL_ACCENT_COLOR_NAME = AccentColor;
				CODE_SIGN_STYLE = Automatic;
				CURRENT_PROJECT_VERSION = 1;
				DEVELOPMENT_ASSET_PATHS = "\"AritziaApp/Preview Content\"";
				DEVELOPMENT_TEAM = 63X4J5Y239;
				ENABLE_PREVIEWS = YES;
				GENERATE_INFOPLIST_FILE = YES;
				INFOPLIST_FILE = AritziaApp/Info.plist;
				INFOPLIST_KEY_UIApplicationSceneManifest_Generation = YES;
				INFOPLIST_KEY_UIApplicationSupportsIndirectInputEvents = YES;
				INFOPLIST_KEY_UILaunchScreen_Generation = YES;
				INFOPLIST_KEY_UISupportedInterfaceOrientations_iPad = "UIInterfaceOrientationPortrait UIInterfaceOrientationPortraitUpsideDown UIInterfaceOrientationLandscapeLeft UIInterfaceOrientationLandscapeRight";
				INFOPLIST_KEY_UISupportedInterfaceOrientations_iPhone = "UIInterfaceOrientationPortrait UIInterfaceOrientationLandscapeLeft UIInterfaceOrientationLandscapeRight";
				LD_RUNPATH_SEARCH_PATHS = (
					"$(inherited)",
					"@executable_path/Frameworks",
				);
				MARKETING_VERSION = 1.0;
				PRODUCT_BUNDLE_IDENTIFIER = com.shelleychen.AritziaApp;
				PRODUCT_NAME = "$(TARGET_NAME)";
				SWIFT_EMIT_LOC_STRINGS = YES;
				SWIFT_VERSION = 5.0;
				TARGETED_DEVICE_FAMILY = "1,2";
			};
			name = Release;
		};
/* End XCBuildConfiguration section */

/* Begin XCConfigurationList section */
		7ABF1D2329A19A41001EC71C /* Build configuration list for PBXProject "AritziaApp" */ = {
			isa = XCConfigurationList;
			buildConfigurations = (
				7ABF1D3429A19A43001EC71C /* Debug */,
				7ABF1D3529A19A43001EC71C /* Release */,
			);
			defaultConfigurationIsVisible = 0;
			defaultConfigurationName = Release;
		};
		7ABF1D3629A19A43001EC71C /* Build configuration list for PBXNativeTarget "AritziaApp" */ = {
			isa = XCConfigurationList;
			buildConfigurations = (
				7ABF1D3729A19A43001EC71C /* Debug */,
				7ABF1D3829A19A43001EC71C /* Release */,
			);
			defaultConfigurationIsVisible = 0;
			defaultConfigurationName = Release;
		};
/* End XCConfigurationList section */
	};
	rootObject = 7ABF1D2029A19A41001EC71C /* Project object */;
}
